
Microsoft Visual Studio Solution File, Format Version 12.00
# Visual Studio Version 17
VisualStudioVersion = 17.12.35514.174 d17.12
MinimumVisualStudioVersion = 10.0.40219.1
Project("{FAE04EC0-301F-11D3-BF4B-00C04F79EFBC}") = "TabularDBMS", "TabularDBMS\TabularDBMS.csproj", "{F613FE97-918B-4C91-802E-7B44E1C44901}"
EndProject
Project("{FAE04EC0-301F-11D3-BF4B-00C04F79EFBC}") = "TabularDBMSTests", "TabularDBMSTests\TabularDBMSTests.csproj", "{F8124A3B-7557-4DA5-83E7-8543A744D1A2}"
EndProject
Global
	GlobalSection(SolutionConfigurationPlatforms) = preSolution
		Debug|Any CPU = Debug|Any CPU
		Release|Any CPU = Release|Any CPU
	EndGlobalSection
	GlobalSection(ProjectConfigurationPlatforms) = postSolution
		{F613FE97-918B-4C91-802E-7B44E1C44901}.Debug|Any CPU.ActiveCfg = Debug|Any CPU
		{F613FE97-918B-4C91-802E-7B44E1C44901}.Debug|Any CPU.Build.0 = Debug|Any CPU
		{F613FE97-918B-4C91-802E-7B44E1C44901}.Release|Any CPU.ActiveCfg = Release|Any CPU
		{F613FE97-918B-4C91-802E-7B44E1C44901}.Release|Any CPU.Build.0 = Release|Any CPU
		{F8124A3B-7557-4DA5-83E7-8543A744D1A2}.Debug|Any CPU.ActiveCfg = Debug|Any CPU
		{F8124A3B-7557-4DA5-83E7-8543A744D1A2}.Debug|Any CPU.Build.0 = Debug|Any CPU
		{F8124A3B-7557-4DA5-83E7-8543A744D1A2}.Release|Any CPU.ActiveCfg = Release|Any CPU
		{F8124A3B-7557-4DA5-83E7-8543A744D1A2}.Release|Any CPU.Build.0 = Release|Any CPU
	EndGlobalSection
	GlobalSection(SolutionProperties) = preSolution
		HideSolutionNode = FALSE
	EndGlobalSection
EndGlobal
